// !$*UTF8*$!
{
	archiveVersion = 1;
	classes = {
	};
	objectVersion = 48;
	objects = {

/* Begin PBXBuildFile section */
		0FA63DA31FA3839D0090648E /* AppDelegate.swift in Sources */ = {isa = PBXBuildFile; fileRef = 0FA63DA21FA3839D0090648E /* AppDelegate.swift */; };
		0FA63DA81FA3839D0090648E /* Main.storyboard in Resources */ = {isa = PBXBuildFile; fileRef = 0FA63DA61FA3839D0090648E /* Main.storyboard */; };
		0FA63DAA1FA3839D0090648E /* Assets.xcassets in Resources */ = {isa = PBXBuildFile; fileRef = 0FA63DA91FA3839D0090648E /* Assets.xcassets */; };
		0FA63DAD1FA3839D0090648E /* LaunchScreen.storyboard in Resources */ = {isa = PBXBuildFile; fileRef = 0FA63DAB1FA3839D0090648E /* LaunchScreen.storyboard */; };
		0FA63DB51FA385D70090648E /* ColorNavViewController.swift in Sources */ = {isa = PBXBuildFile; fileRef = 0FA63DB41FA385D70090648E /* ColorNavViewController.swift */; };
/* End PBXBuildFile section */

/* Begin PBXFileReference section */
		0FA63D9F1FA3839D0090648E /* Colors with Navigation.app */ = {isa = PBXFileReference; explicitFileType = wrapper.application; includeInIndex = 0; path = "Colors with Navigation.app"; sourceTree = BUILT_PRODUCTS_DIR; };
		0FA63DA21FA3839D0090648E /* AppDelegate.swift */ = {isa = PBXFileReference; lastKnownFileType = sourcecode.swift; path = AppDelegate.swift; sourceTree = "<group>"; };
		0FA63DA71FA3839D0090648E /* Base */ = {isa = PBXFileReference; lastKnownFileType = file.storyboard; name = Base; path = Base.lproj/Main.storyboard; sourceTree = "<group>"; };
		0FA63DA91FA3839D0090648E /* Assets.xcassets */ = {isa = PBXFileReference; lastKnownFileType = folder.assetcatalog; path = Assets.xcassets; sourceTree = "<group>"; };
		0FA63DAC1FA3839D0090648E /* Base */ = {isa = PBXFileReference; lastKnownFileType = file.storyboard; name = Base; path = Base.lproj/LaunchScreen.storyboard; sourceTree = "<group>"; };
		0FA63DAE1FA3839D0090648E /* Info.plist */ = {isa = PBXFileReference; lastKnownFileType = text.plist.xml; path = Info.plist; sourceTree = "<group>"; };
		0FA63DB41FA385D70090648E /* ColorNavViewController.swift */ = {isa = PBXFileReference; lastKnownFileType = sourcecode.swift; path = ColorNavViewController.swift; sourceTree = "<group>"; };
/* End PBXFileReference section */

/* Begin PBXFrameworksBuildPhase section */
		0FA63D9C1FA3839D0090648E /* Frameworks */ = {
			isa = PBXFrameworksBuildPhase;
			buildActionMask = 2147483647;
			files = (
			);
			runOnlyForDeploymentPostprocessing = 0;
		};
/* End PBXFrameworksBuildPhase section */

/* Begin PBXGroup section */
		0FA63D961FA3839D0090648E = {
			isa = PBXGroup;
			children = (
				0FA63DA11FA3839D0090648E /* Colors with Navigation */,
				0FA63DA01FA3839D0090648E /* Products */,
			);
			sourceTree = "<group>";
		};
		0FA63DA01FA3839D0090648E /* Products */ = {
			isa = PBXGroup;
			children = (
				0FA63D9F1FA3839D0090648E /* Colors with Navigation.app */,
			);
			name = Products;
			sourceTree = "<group>";
		};
		0FA63DA11FA3839D0090648E /* Colors with Navigation */ = {
			isa = PBXGroup;
			children = (
				0FA63DA21FA3839D0090648E /* AppDelegate.swift */,
				0FA63DA61FA3839D0090648E /* Main.storyboard */,
				0FA63DA91FA3839D0090648E /* Assets.xcassets */,
				0FA63DAB1FA3839D0090648E /* LaunchScreen.storyboard */,
				0FA63DAE1FA3839D0090648E /* Info.plist */,
				0FA63DB41FA385D70090648E /* ColorNavViewController.swift */,
			);
			path = "Colors with Navigation";
			sourceTree = "<group>";
		};
/* End PBXGroup section */

/* Begin PBXNativeTarget section */
		0FA63D9E1FA3839D0090648E /* Colors with Navigation */ = {
			isa = PBXNativeTarget;
			buildConfigurationList = 0FA63DB11FA3839D0090648E /* Build configuration list for PBXNativeTarget "Colors with Navigation" */;
			buildPhases = (
				0FA63D9B1FA3839D0090648E /* Sources */,
				0FA63D9C1FA3839D0090648E /* Frameworks */,
				0FA63D9D1FA3839D0090648E /* Resources */,
			);
			buildRules = (
			);
			dependencies = (
			);
			name = "Colors with Navigation";
			productName = "Colors with Navigation";
			productReference = 0FA63D9F1FA3839D0090648E /* Colors with Navigation.app */;
			productType = "com.apple.product-type.application";
		};
/* End PBXNativeTarget section */

/* Begin PBXProject section */
		0FA63D971FA3839D0090648E /* Project object */ = {
			isa = PBXProject;
			attributes = {
				LastSwiftUpdateCheck = 0900;
				LastUpgradeCheck = 0900;
				ORGANIZATIONNAME = "Andrew W Stoll";
				TargetAttributes = {
					0FA63D9E1FA3839D0090648E = {
						CreatedOnToolsVersion = 9.0;
						ProvisioningStyle = Automatic;
					};
				};
			};
			buildConfigurationList = 0FA63D9A1FA3839D0090648E /* Build configuration list for PBXProject "Colors with Navigation" */;
			compatibilityVersion = "Xcode 8.0";
			developmentRegion = en;
			hasScannedForEncodings = 0;
			knownRegions = (
				en,
				Base,
			);
			mainGroup = 0FA63D961FA3839D0090648E;
			productRefGroup = 0FA63DA01FA3839D0090648E /* Products */;
			projectDirPath = "";
			projectRoot = "";
			targets = (
				0FA63D9E1FA3839D0090648E /* Colors with Navigation */,
			);
		};
/* End PBXProject section */

/* Begin PBXResourcesBuildPhase section */
		0FA63D9D1FA3839D0090648E /* Resources */ = {
			isa = PBXResourcesBuildPhase;
			buildActionMask = 2147483647;
			files = (
				0FA63DAD1FA3839D0090648E /* LaunchScreen.storyboard in Resources */,
				0FA63DAA1FA3839D0090648E /* Assets.xcassets in Resources */,
				0FA63DA81FA3839D0090648E /* Main.storyboard in Resources */,
			);
			runOnlyForDeploymentPostprocessing = 0;
		};
/* End PBXResourcesBuildPhase section */

/* Begin PBXSourcesBuildPhase section */
		0FA63D9B1FA3839D0090648E /* Sources */ = {
			isa = PBXSourcesBuildPhase;
			buildActionMask = 2147483647;
			files = (
				0FA63DB51FA385D70090648E /* ColorNavViewController.swift in Sources */,
				0FA63DA31FA3839D0090648E /* AppDelegate.swift in Sources */,
			);
			runOnlyForDeploymentPostprocessing = 0;
		};
/* End PBXSourcesBuildPhase section */

/* Begin PBXVariantGroup section */
		0FA63DA61FA3839D0090648E /* Main.storyboard */ = {
			isa = PBXVariantGroup;
			children = (
				0FA63DA71FA3839D0090648E /* Base */,
			);
			name = Main.storyboard;
			sourceTree = "<group>";
		};
		0FA63DAB1FA3839D0090648E /* LaunchScreen.storyboard */ = {
			isa = PBXVariantGroup;
			children = (
				0FA63DAC1FA3839D0090648E /* Base */,
			);
			name = LaunchScreen.storyboard;
			sourceTree = "<group>";
		};
/* End PBXVariantGroup section */

/* Begin XCBuildConfiguration section */
		0FA63DAF1FA3839D0090648E /* Debug */ = {
			isa = XCBuildConfiguration;
			buildSettings = {
				ALWAYS_SEARCH_USER_PATHS = NO;
				CLANG_ANALYZER_NONNULL = YES;
				CLANG_ANALYZER_NUMBER_OBJECT_CONVERSION = YES_AGGRESSIVE;
				CLANG_CXX_LANGUAGE_STANDARD = "gnu++14";
				CLANG_CXX_LIBRARY = "libc++";
				CLANG_ENABLE_MODULES = YES;
				CLANG_ENABLE_OBJC_ARC = YES;
				CLANG_WARN_BLOCK_CAPTURE_AUTORELEASING = YES;
				CLANG_WARN_BOOL_CONVERSION = YES;
				CLANG_WARN_COMMA = YES;
				CLANG_WARN_CONSTANT_CONVERSION = YES;
				CLANG_WARN_DIRECT_OBJC_ISA_USAGE = YES_ERROR;
				CLANG_WARN_DOCUMENTATION_COMMENTS = YES;
				CLANG_WARN_EMPTY_BODY = YES;
				CLANG_WARN_ENUM_CONVERSION = YES;
				CLANG_WARN_INFINITE_RECURSION = YES;
				CLANG_WARN_INT_CONVERSION = YES;
				CLANG_WARN_NON_LITERAL_NULL_CONVERSION = YES;
				CLANG_WARN_OBJC_LITERAL_CONVERSION = YES;
				CLANG_WARN_OBJC_ROOT_CLASS = YES_ERROR;
				CLANG_WARN_RANGE_LOOP_ANALYSIS = YES;
				CLANG_WARN_STRICT_PROTOTYPES = YES;
				CLANG_WARN_SUSPICIOUS_MOVE = YES;
				CLANG_WARN_UNGUARDED_AVAILABILITY = YES_AGGRESSIVE;
				CLANG_WARN_UNREACHABLE_CODE = YES;
				CLANG_WARN__DUPLICATE_METHOD_MATCH = YES;
				CODE_SIGN_IDENTITY = "iPhone Developer";
				COPY_PHASE_STRIP = NO;
				DEBUG_INFORMATION_FORMAT = dwarf;
				ENABLE_STRICT_OBJC_MSGSEND = YES;
				ENABLE_TESTABILITY = YES;
				GCC_C_LANGUAGE_STANDARD = gnu11;
				GCC_DYNAMIC_NO_PIC = NO;
				GCC_NO_COMMON_BLOCKS = YES;
				GCC_OPTIMIZATION_LEVEL = 0;
				GCC_PREPROCESSOR_DEFINITIONS = (
					"DEBUG=1",
					"$(inherited)",
				);
				GCC_WARN_64_TO_32_BIT_CONVERSION = YES;
				GCC_WARN_ABOUT_RETURN_TYPE = YES_ERROR;
				GCC_WARN_UNDECLARED_SELECTOR = YES;
				GCC_WARN_UNINITIALIZED_AUTOS = YES_AGGRESSIVE;
				GCC_WARN_UNUSED_FUNCTION = YES;
				GCC_WARN_UNUSED_VARIABLE = YES;
				IPHONEOS_DEPLOYMENT_TARGET = 11.0;
				MTL_ENABLE_DEBUG_INFO = YES;
				ONLY_ACTIVE_ARCH = YES;
				SDKROOT = iphoneos;
				SWIFT_ACTIVE_COMPILATION_CONDITIONS = DEBUG;
				SWIFT_OPTIMIZATION_LEVEL = "-Onone";
			};
			name = Debug;
		};
		0FA63DB01FA3839D0090648E /* Release */ = {
			isa = XCBuildConfiguration;
			buildSettings = {
				ALWAYS_SEARCH_USER_PATHS = NO;
				CLANG_ANALYZER_NONNULL = YES;
				CLANG_ANALYZER_NUMBER_OBJECT_CONVERSION = YES_AGGRESSIVE;
				CLANG_CXX_LANGUAGE_STANDARD = "gnu++14";
				CLANG_CXX_LIBRARY = "libc++";
				CLANG_ENABLE_MODULES = YES;
				CLANG_ENABLE_OBJC_ARC = YES;
				CLANG_WARN_BLOCK_CAPTURE_AUTORELEASING = YES;
				CLANG_WARN_BOOL_CONVERSION = YES;
				CLANG_WARN_COMMA = YES;
				CLANG_WARN_CONSTANT_CONVERSION = YES;
				CLANG_WARN_DIRECT_OBJC_ISA_USAGE = YES_ERROR;
				CLANG_WARN_DOCUMENTATION_COMMENTS = YES;
				CLANG_WARN_EMPTY_BODY = YES;
				CLANG_WARN_ENUM_CONVERSION = YES;
				CLANG_WARN_INFINITE_RECURSION = YES;
				CLANG_WARN_INT_CONVERSION = YES;
				CLANG_WARN_NON_LITERAL_NULL_CONVERSION = YES;
				CLANG_WARN_OBJC_LITERAL_CONVERSION = YES;
				CLANG_WARN_OBJC_ROOT_CLASS = YES_ERROR;
				CLANG_WARN_RANGE_LOOP_ANALYSIS = YES;
				CLANG_WARN_STRICT_PROTOTYPES = YES;
				CLANG_WARN_SUSPICIOUS_MOVE = YES;
				CLANG_WARN_UNGUARDED_AVAILABILITY = YES_AGGRESSIVE;
				CLANG_WARN_UNREACHABLE_CODE = YES;
				CLANG_WARN__DUPLICATE_METHOD_MATCH = YES;
				CODE_SIGN_IDENTITY = "iPhone Developer";
				COPY_PHASE_STRIP = NO;
				DEBUG_INFORMATION_FORMAT = "dwarf-with-dsym";
				ENABLE_NS_ASSERTIONS = NO;
				ENABLE_STRICT_OBJC_MSGSEND = YES;
				GCC_C_LANGUAGE_STANDARD = gnu11;
				GCC_NO_COMMON_BLOCKS = YES;
				GCC_WARN_64_TO_32_BIT_CONVERSION = YES;
				GCC_WARN_ABOUT_RETURN_TYPE = YES_ERROR;
				GCC_WARN_UNDECLARED_SELECTOR = YES;
				GCC_WARN_UNINITIALIZED_AUTOS = YES_AGGRESSIVE;
				GCC_WARN_UNUSED_FUNCTION = YES;
				GCC_WARN_UNUSED_VARIABLE = YES;
				IPHONEOS_DEPLOYMENT_TARGET = 11.0;
				MTL_ENABLE_DEBUG_INFO = NO;
				SDKROOT = iphoneos;
				SWIFT_OPTIMIZATION_LEVEL = "-Owholemodule";
				VALIDATE_PRODUCT = YES;
			};
			name = Release;
		};
		0FA63DB21FA3839D0090648E /* Debug */ = {
			isa = XCBuildConfiguration;
			buildSettings = {
				ASSETCATALOG_COMPILER_APPICON_NAME = AppIcon;
				CODE_SIGN_STYLE = Automatic;
				DEVELOPMENT_TEAM = UDNZ7ANRLN;
				INFOPLIST_FILE = "Colors with Navigation/Info.plist";
				LD_RUNPATH_SEARCH_PATHS = "$(inherited) @executable_path/Frameworks";
				PRODUCT_BUNDLE_IDENTIFIER = "com.example.Colors-with-Navigation";
				PRODUCT_NAME = "$(TARGET_NAME)";
				SWIFT_VERSION = 4.0;
				TARGETED_DEVICE_FAMILY = "1,2";
			};
			name = Debug;
		};
		0FA63DB31FA3839D0090648E /* Release */ = {
			isa = XCBuildConfiguration;
			buildSettings = {
				ASSETCATALOG_COMPILER_APPICON_NAME = AppIcon;
				CODE_SIGN_STYLE = Automatic;
				DEVELOPMENT_TEAM = UDNZ7ANRLN;
				INFOPLIST_FILE = "Colors with Navigation/Info.plist";
				LD_RUNPATH_SEARCH_PATHS = "$(inherited) @executable_path/Frameworks";
				PRODUCT_BUNDLE_IDENTIFIER = "com.example.Colors-with-Navigation";
				PRODUCT_NAME = "$(TARGET_NAME)";
				SWIFT_VERSION = 4.0;
				TARGETED_DEVICE_FAMILY = "1,2";
			};
			name = Release;
		};
/* End XCBuildConfiguration section */

/* Begin XCConfigurationList section */
		0FA63D9A1FA3839D0090648E /* Build configuration list for PBXProject "Colors with Navigation" */ = {
			isa = XCConfigurationList;
			buildConfigurations = (
				0FA63DAF1FA3839D0090648E /* Debug */,
				0FA63DB01FA3839D0090648E /* Release */,
			);
			defaultConfigurationIsVisible = 0;
			defaultConfigurationName = Release;
		};
		0FA63DB11FA3839D0090648E /* Build configuration list for PBXNativeTarget "Colors with Navigation" */ = {
			isa = XCConfigurationList;
			buildConfigurations = (
				0FA63DB21FA3839D0090648E /* Debug */,
				0FA63DB31FA3839D0090648E /* Release */,
			);
			defaultConfigurationIsVisible = 0;
			defaultConfigurationName = Release;
		};
/* End XCConfigurationList section */
	};
	rootObject = 0FA63D971FA3839D0090648E /* Project object */;
}
